PODS:
  - Alamofire (4.9.1)
  - GoogleMaps (3.7.0):
    - GoogleMaps/Maps (= 3.7.0)
  - GoogleMaps/Base (3.7.0)
  - GoogleMaps/Maps (3.7.0):
    - GoogleMaps/Base
  - GooglePlaces (3.7.0):
    - GoogleMaps/Base (= 3.7.0)
  - SwiftSoup (2.3.0)
  - SwiftyJSON (4.3.0)

DEPENDENCIES:
  - Alamofire
  - GoogleMaps (~> 3.7.0)
  - GooglePlaces (~> 3.7.0)
  - SwiftSoup
  - SwiftyJSON (~> 4.0)

SPEC REPOS:
  trunk:
    - Alamofire
    - GoogleMaps
    - GooglePlaces
    - SwiftSoup
    - SwiftyJSON

SPEC CHECKSUMS:
  Alamofire: 85e8a02c69d6020a0d734f6054870d7ecb75cf18
  GoogleMaps: 55da829c68aa931f3ae982b9e341cc2f3d89c587
  GooglePlaces: a62077320f9d64239245af63aa1aa136393ebeb6
  SwiftSoup: d78683f7ea0ae5733225a9e1d3bee5b256449df4
  SwiftyJSON: 6faa0040f8b59dead0ee07436cbf76b73c08fd08

PODFILE CHECKSUM: 7cd04b94d29fb879b7ae3f81f2308943684d29f5

COCOAPODS: 1.8.4
